{
  "name": "killbill-admin-ui-standalone",
  "lockfileVersion": 3,
  "requires": true,
  "packages": {
    "": {
      "dependencies": {
        "spin.js": "^4.1.1"
      }
    },
    "node_modules/spin.js": {
      "version": "4.1.1",
      "resolved": "https://registry.npmjs.org/spin.js/-/spin.js-4.1.1.tgz",
      "integrity": "sha512-3cjbjZBw8TmZmvzcmlXqArUpefJ1vGgQZ+dh1CdyDyxZZNxNmw+2Dq5jyoP/OCqQP+z78rWgSJX9m3uMuGaxxw=="
    }
  }
}
