# THIS IS AN AUTOGENERATED FILE. DO NOT EDIT THIS FILE DIRECTLY.
# yarn lockfile v1


jquery@^3.6.3:
  version "3.6.3"
  resolved "https://registry.yarnpkg.com/jquery/-/jquery-3.6.3.tgz#23ed2ffed8a19e048814f13391a19afcdba160e6"
  integrity sha512-bZ5Sy3YzKo9Fyc8wH2iIQK4JImJ6R0GWI9kL1/k7Z91ZBNgkRXE6U0JfHIizZbort8ZunhSI3jw9I6253ahKfg==

spin.js@^4.1.1:
  version "4.1.1"
  resolved "https://registry.yarnpkg.com/spin.js/-/spin.js-4.1.1.tgz#567464a08620541e523da856cb5f67af2d0f48ad"
  integrity sha512-3cjbjZBw8TmZmvzcmlXqArUpefJ1vGgQZ+dh1CdyDyxZZNxNmw+2Dq5jyoP/OCqQP+z78rWgSJX9m3uMuGaxxw==
